lockfileVersion: '9.0'

settings:
  autoInstallPeers: true
  excludeLinksFromLockfile: false

importers:

  .:
    devDependencies:
      turbo:
        specifier: ^2.0.15-canary.3
        version: 2.0.15-canary.3

  apps/apps-a:
    dependencies:
      pkg-a:
        specifier: workspace:*
        version: link:../../packages/pkg-a
      tooling-config:
        specifier: workspace:*
        version: link:../../packages/tooling-config

  apps/apps-b:
    dependencies:
      tooling-config:
        specifier: workspace:*
        version: link:../../packages/tooling-config

  packages/pkg-a:
    dependencies:
      tooling-config:
        specifier: workspace:*
        version: link:../tooling-config

  packages/pkg-b:
    dependencies:
      tooling-config:
        specifier: workspace:*
        version: link:../tooling-config

  packages/tooling-config: {}

packages:

  turbo-darwin-64@2.0.15-canary.3:
    resolution: {integrity: sha512-1qBQSfmFxqEGousjp/Os5lSG5PHyxKlhQFjQ3gVVu+i8OrGYqYX1dx9xYauaGUKXl650LZ4cDYewzHv1NxdS7g==}
    cpu: [x64]
    os: [darwin]

  turbo-darwin-arm64@2.0.15-canary.3:
    resolution: {integrity: sha512-kmZt8aClNjc/UaYLr18wlvHsg9EOE5dDnCIYOqs6Gvd/WCuQhKukBJ/FIzUOxogMejHXfdTJdxNxA6Ov31/U1Q==}
    cpu: [arm64]
    os: [darwin]

  turbo-linux-64@2.0.15-canary.3:
    resolution: {integrity: sha512-DOd4cczCVwJD7TiHyXukG23E6HY4j72lvS9mehGa0IP1QtLzLq/3rATJGIPaMNl7oLqGSiSH3oTvHvev1bz9cA==}
    cpu: [x64]
    os: [linux]

  turbo-linux-arm64@2.0.15-canary.3:
    resolution: {integrity: sha512-XyIhx9xu+pQxkUrFP/2cfzhy4ut5kl6ODGMOCywOsqxAhq8vjCIRMYoET21PTl/A4CTtM0EP0/CrNOYhdz9tag==}
    cpu: [arm64]
    os: [linux]

  turbo-windows-64@2.0.15-canary.3:
    resolution: {integrity: sha512-zO4DR3LSeXvMPz4VVy1eq90rcky7GGUd5pQO71dsA4dlMzRsUHh/xUYx7/HW/2MDzkihM4DAWMbbKokjqWpycw==}
    cpu: [x64]
    os: [win32]

  turbo-windows-arm64@2.0.15-canary.3:
    resolution: {integrity: sha512-wH6JNb5D+MGl2mcA0l8habMzjL9iFHGmh9L3dEIDXtJCYX5Rn71exLhJoqktLLPc3nKDKqJ7E+QI5s//5dDaHg==}
    cpu: [arm64]
    os: [win32]

  turbo@2.0.15-canary.3:
    resolution: {integrity: sha512-j1T7mCim07T5Rq9QIc5B5t+7qnkcwOzGzXKrnJW/4fHttAuDIt2+/oRXpATuu9H4lLq59Ay7067BIKkptlWIjw==}
    hasBin: true

snapshots:

  turbo-darwin-64@2.0.15-canary.3:
    optional: true

  turbo-darwin-arm64@2.0.15-canary.3:
    optional: true

  turbo-linux-64@2.0.15-canary.3:
    optional: true

  turbo-linux-arm64@2.0.15-canary.3:
    optional: true

  turbo-windows-64@2.0.15-canary.3:
    optional: true

  turbo-windows-arm64@2.0.15-canary.3:
    optional: true

  turbo@2.0.15-canary.3:
    optionalDependencies:
      turbo-darwin-64: 2.0.15-canary.3
      turbo-darwin-arm64: 2.0.15-canary.3
      turbo-linux-64: 2.0.15-canary.3
      turbo-linux-arm64: 2.0.15-canary.3
      turbo-windows-64: 2.0.15-canary.3
      turbo-windows-arm64: 2.0.15-canary.3
